# This file is automatically @generated by Cargo.
# It is not intended for manual editing.
version = 4

[[package]]
name = "emu-core"
version = "0.2.0"

[[package]]
name = "esp-periph"
version = "0.2.0"
dependencies = [
 "emu-core",
]

[[package]]
name = "esp-soc"
version = "0.2.0"
dependencies = [
 "emu-core",
 "esp-periph",
]

[[package]]
name = "esp-wifi"
version = "0.2.0"
dependencies = [
 "esp-periph",
 "esp-soc",
]

[[package]]
name = "esp32c3"
version = "0.2.0"
dependencies = [
 "emu-core",
 "esp-periph",
 "esp-soc",
 "esp-wifi",
 "riscv-rv32",
]

[[package]]
name = "esp32c6"
version = "0.2.0"
dependencies = [
 "emu-core",
 "esp-periph",
 "esp-soc",
 "esp-wifi",
 "riscv-rv32",
]

[[package]]
name = "esp32s3"
version = "0.2.0"
dependencies = [
 "emu-core",
 "esp-periph",
 "esp-soc",
 "esp-wifi",
 "xtensa-lx7",
]

[[package]]
name = "esp32sim"
version = "0.2.0"
dependencies = [
 "emu-core",
 "esp-periph",
 "esp-soc",
 "esp32c3",
 "esp32c6",
 "esp32s3",
]

[[package]]
name = "esp32sim-wasm"
version = "0.2.0"
dependencies = [
 "esp-periph",
 "esp-soc",
 "esp32c3",
 "esp32c6",
 "esp32s3",
 "esp32sim-wasm-jit",
 "xtensa-lx7",
]

[[package]]
name = "esp32sim-wasm-jit"
version = "0.2.0"
dependencies = [
 "emu-core",
 "esp-soc",
 "esp32s3",
 "xtensa-lx7",
]

[[package]]
name = "riscv-rv32"
version = "0.2.0"
dependencies = [
 "emu-core",
]

[[package]]
name = "xtensa-lx7"
version = "0.2.0"
dependencies = [
 "emu-core",
]
